4d63.com/gocheckcompilerdirectives v1.3.0 h1:Ew5y5CtcAAQeTVKUVFrE7EwHMrTO6BggtEj8BZSjZ3A=
4d63.com/gochecknoglobals v0.2.2 h1:H1vdnwnMaZdQW/N+NrkT1SZMTBmcwHe9Vq8lJcYYTtU=
codeberg.org/chavacava/garif v0.2.0 h1:F0tVjhYbuOCnvNcU3YSpO6b3Waw6Bimy4K0mM8y6MfY=
codeberg.org/polyfloyd/go-errorlint v1.9.0 h1:VkdEEmA1VBpH6ecQoMR4LdphVI3fA4RrCh2an7YmodI=
dev.gaijin.team/go/exhaustruct/v4 v4.0.0 h1:873r7aNneqoBB3IaFIzhvt2RFYTuHgmMjoKfwODoI1Y=
dev.gaijin.team/go/golib v0.8.1 h1:JYju4x9BSo+QD/AYeHULVDcvEhiFg8wOi6pT0IaZF5E=
github.com/4meepo/tagalign v1.4.3 h1:Bnu7jGWwbfpAie2vyl63Zup5KuRv21olsPIha53BJr8=
github.com/Abirdcfly/dupword v0.1.7 h1:2j8sInznrje4I0CMisSL6ipEBkeJUJAmK1/lfoNGWrQ=
github.com/AdminBenni/iota-mixing v1.0.0 h1:Os6lpjG2dp/AE5fYBPAA1zfa2qMdCAWwPMCgpwKq7wo=
github.com/AlwxSin/noinlineerr v1.0.5 h1:RUjt63wk1AYWTXtVXbSqemlbVTb23JOSRiNsshj7TbY=
github.com/Antonboom/errname v1.1.1 h1:bllB7mlIbTVzO9jmSWVWLjxTEbGBVQ1Ff/ClQgtPw9Q=
github.com/Antonboom/nilnil v1.1.1 h1:9Mdr6BYd8WHCDngQnNVV0b554xyisFioEKi30sksufQ=
github.com/Antonboom/testifylint v1.6.4 h1:gs9fUEy+egzxkEbq9P4cpcMB6/G0DYdMeiFS87UiqmQ=
github.com/BurntSushi/toml v1.6.0 h1:dRaEfpa2VI55EwlIW72hMRHdWouJeRF7TPYhI+AUQjk=
github.com/Djarvur/go-err113 v0.1.1 h1:eHfopDqXRwAi+YmCUas75ZE0+hoBHJ2GQNLYRSxao4g=
github.com/Masterminds/semver/v3 v3.4.0 h1:Zog+i5UMtVoCU8oKka5P7i9q9HgrJeGzI9SA1Xbatp0=
github.com/MirrexOne/unqueryvet v1.5.4 h1:38QOxShO7JmMWT+eCdDMbcUgGCOeJphVkzzRgyLJgsQ=
github.com/OpenPeeDeeP/depguard/v2 v2.2.1 h1:vckeWVESWp6Qog7UZSARNqfu/cZqvki8zsuj3piCMx4=
github.com/alecthomas/assert/v2 v2.11.0 h1:2Q9r3ki8+JYXvGsDyBXwH3LcJ+WK5D0gc5E8vS6K3D0=
github.com/alecthomas/chroma/v2 v2.23.1 h1:nv2AVZdTyClGbVQkIzlDm/rnhk1E9bU9nXwmZ/Vk/iY=
github.com/alecthomas/go-check-sumtype v0.3.1 h1:u9aUvbGINJxLVXiFvHUlPEaD7VDULsrxJb4Aq31NLkU=
github.com/alecthomas/kingpin/v2 v2.4.0 h1:f48lwail6p8zpO1bC4TxtqACaGqHYA22qkHjHpqDjYY=
github.com/alecthomas/repr v0.5.2 h1:SU73FTI9D1P5UNtvseffFSGmdNci/O6RsqzeXJtP0Qs=
github.com/alecthomas/units v0.0.0-20240927000941-0f3dac36c52b h1:mimo19zliBX/vSQ6PWWSL9lK8qwHozUj03+zLoEB8O0=
github.com/alexkohler/nakedret/v2 v2.0.6 h1:ME3Qef1/KIKr3kWX3nti3hhgNxw6aqN5pZmQiFSsuzQ=
github.com/alexkohler/prealloc v1.0.2 h1:MPo8cIkGkZytq7WNH9UHv3DIX1mPz1RatPXnZb0zHWQ=
github.com/alfatraining/structtag v1.0.0 h1:2qmcUqNcCoyVJ0up879K614L9PazjBSFruTB0GOFjCc=
github.com/alingse/asasalint v0.0.11 h1:SFwnQXJ49Kx/1GghOFz1XGqHYKp21Kq1nHad/0WQRnw=
github.com/alingse/nilnesserr v0.2.0 h1:raLem5KG7EFVb4UIDAXgrv3N2JIaffeKNtcEXkEWd/w=
github.com/ashanbrown/forbidigo/v2 v2.3.0 h1:OZZDOchCgsX5gvToVtEBoV2UWbFfI6RKQTir2UZzSxo=
github.com/ashanbrown/makezero/v2 v2.1.0 h1:snuKYMbqosNokUKm+R6/+vOPs8yVAi46La7Ck6QYSaE=
github.com/aymanbagabas/go-osc52/v2 v2.0.1 h1:HwpRHbFMcZLEVr42D4p7XBqjyuxQH5SMiErDT4WkJ2k=
github.com/beorn7/perks v1.0.1 h1:VlbKKnNfV8bJzeqoa4cOKqO6bYr3WgKZxO8Z16+hsOM=
github.com/bkielbasa/cyclop v1.2.3 h1:faIVMIGDIANuGPWH031CZJTi2ymOQBULs9H21HSMa5w=
github.com/blizzy78/varnamelen v0.8.0 h1:oqSblyuQvFsW1hbBHh1zfwrKe3kcSj0rnXkKzsQ089M=
github.com/bombsimon/wsl/v4 v4.7.0 h1:1Ilm9JBPRczjyUs6hvOPKvd7VL1Q++PL8M0SXBDf+jQ=
github.com/bombsimon/wsl/v5 v5.6.0 h1:4z+/sBqC5vUmSp1O0mS+czxwH9+LKXtCWtHH9rZGQL8=
github.com/breml/bidichk v0.3.3 h1:WSM67ztRusf1sMoqH6/c4OBCUlRVTKq+CbSeo0R17sE=
github.com/breml/errchkjson v0.4.1 h1:keFSS8D7A2T0haP9kzZTi7o26r7kE3vymjZNeNDRDwg=
github.com/butuzov/ireturn v0.4.0 h1:+s76bF/PfeKEdbG8b54aCocxXmi0wvYdOVsWxVO7n8E=
github.com/butuzov/mirror v1.3.0 h1:HdWCXzmwlQHdVhwvsfBb2Au0r3HyINry3bDWLYXiKoc=
github.com/catenacyber/perfsprint v0.10.1 h1:u7Riei30bk46XsG8nknMhKLXG9BcXz3+3tl/WpKm0PQ=
github.com/ccojocar/zxcvbn-go v1.0.4 h1:FWnCIRMXPj43ukfX000kvBZvV6raSxakYr1nzyNrUcc=
github.com/cespare/xxhash/v2 v2.3.0 h1:UL815xU9SqsFlibzuggzjXhog7bL6oX9BbNZnL2UFvs=
github.com/charithe/durationcheck v0.0.11 h1:g1/EX1eIiKS57NTWsYtHDZ/APfeXKhye1DidBcABctk=
github.com/charmbracelet/colorprofile v0.4.2 h1:BdSNuMjRbotnxHSfxy+PCSa4xAmz7szw70ktAtWRYrY=
github.com/charmbracelet/lipgloss v1.1.0 h1:vYXsiLHVkK7fp74RkV7b2kq9+zDLoEU4MZoFqR/noCY=
github.com/charmbracelet/x/ansi v0.11.6 h1:GhV21SiDz/45W9AnV2R61xZMRri5NlLnl6CVF7ihZW8=
github.com/charmbracelet/x/cellbuf v0.0.15 h1:ur3pZy0o6z/R7EylET877CBxaiE1Sp1GMxoFPAIztPI=
github.com/charmbracelet/x/term v0.2.2 h1:xVRT/S2ZcKdhhOuSP4t5cLi5o+JxklsoEObBSgfgZRk=
github.com/ckaznocha/intrange v0.3.1 h1:j1onQyXvHUsPWujDH6WIjhyH26gkRt/txNlV7LspvJs=
github.com/clipperhouse/displaywidth v0.11.0 h1:lBc6kY44VFw+TDx4I8opi/EtL9m20WSEFgwIwO+UVM8=
github.com/clipperhouse/uax29/v2 v2.7.0 h1:+gs4oBZ2gPfVrKPthwbMzWZDaAFPGYK72F0NJv2v7Vk=
github.com/curioswitch/go-reassign v0.3.0 h1:dh3kpQHuADL3cobV/sSGETA8DOv457dwl+fbBAhrQPs=
github.com/daixiang0/gci v0.14.0 h1:h6AcLqmjIOBgojhtzY2CvBnA6RawPTkBHgtMvYD5YZ8=
github.com/dave/dst v0.27.3 h1:P1HPoMza3cMEquVf9kKy8yXsFirry4zEnWOdYPOoIzY=
github.com/dave/jennifer v1.7.1 h1:B4jJJDHelWcDhlRQxWeo0Npa/pYKBLrirAQoTN45txo=
github.com/davecgh/go-spew v1.1.2-0.20180830191138-d8f796af33cc h1:U9qPSI2PIWSS1VwoXQT9A3Wy9MM3WgvqSxFWenqJduM=
github.com/denis-tingaikin/go-header v0.5.0 h1:SRdnP5ZKvcO9KKRP1KJrhFR3RrlGuD+42t4429eC9k8=
github.com/dlclark/regexp2 v1.11.5 h1:Q/sSnsKerHeCkc/jSTNq1oCm7KiVgUMZRDUoRu0JQZQ=
github.com/ettle/strcase v0.2.0 h1:fGNiVF21fHXpX1niBgk0aROov1LagYsOwV/xqKDKR/Q=
github.com/fatih/color v1.18.0 h1:S8gINlzdQ840/4pfAwic/ZE0djQEH3wM94VfqLTZcOM=
github.com/fatih/structtag v1.2.0 h1:/OdNE99OxoI/PqaW/SuSK9uxxT3f/tcSZgon/ssNSx4=
github.com/firefart/nonamedreturns v1.0.6 h1:vmiBcKV/3EqKY3ZiPxCINmpS431OcE1S47AQUwhrg8E=
github.com/frankban/quicktest v1.14.6 h1:7Xjx+VpznH+oBnejlPUj8oUpdxnVs4f8XU8WnHkI4W8=
github.com/fsnotify/fsnotify v1.9.0 h1:2Ml+OJNzbYCTzsxtv8vKSFD9PbJjmhYF14k/jKC7S9k=
github.com/fzipp/gocyclo v0.6.0 h1:lsblElZG7d3ALtGMx9fmxeTKZaLLpU8mET09yN4BBLo=
github.com/ghostiam/protogetter v0.3.20 h1:oW7OPFit2FxZOpmMRPP9FffU4uUpfeE/rEdE1f+MzD0=
github.com/go-critic/go-critic v0.14.3 h1:5R1qH2iFeo4I/RJU8vTezdqs08Egi4u5p6vOESA0pog=
github.com/go-logr/logr v1.4.3 h1:CjnDlHq8ikf6E492q6eKboGOC0T8CDaOvkHCIg8idEI=
github.com/go-quicktest/qt v1.101.0 h1:O1K29Txy5P2OK0dGo59b7b0LR6wKfIhttaAhHUyn7eI=
github.com/go-task/slim-sprig/v3 v3.0.0 h1:sUs3vkvUymDpBKi3qH1YSqBQk9+9D/8M2mN1vB6EwHI=
github.com/go-toolsmith/astcast v1.1.0 h1:+JN9xZV1A+Re+95pgnMgDboWNVnIMMQXwfBwLRPgSC8=
github.com/go-toolsmith/astcopy v1.1.0 h1:YGwBN0WM+ekI/6SS6+52zLDEf8Yvp3n2seZITCUBt5s=
github.com/go-toolsmith/astequal v1.2.0 h1:3Fs3CYZ1k9Vo4FzFhwwewC3CHISHDnVUPC4x0bI2+Cw=
github.com/go-toolsmith/astfmt v1.1.0 h1:iJVPDPp6/7AaeLJEruMsBUlOYCmvg0MoCfJprsOmcco=
github.com/go-toolsmith/astp v1.1.0 h1:dXPuCl6u2llURjdPLLDxJeZInAeZ0/eZwFJmqZMnpQA=
github.com/go-toolsmith/pkgload v1.2.2 h1:0CtmHq/02QhxcF7E9N5LIFcYFsMR5rdovfqTtRKkgIk=
github.com/go-toolsmith/strparse v1.1.0 h1:GAioeZUK9TGxnLS+qfdqNbA4z0SSm5zVNtCQiyP2Bvw=
github.com/go-toolsmith/typep v1.1.0 h1:fIRYDyF+JywLfqzyhdiHzRop/GQDxxNhLGQ6gFUNHus=
github.com/go-viper/mapstructure/v2 v2.5.0 h1:vM5IJoUAy3d7zRSVtIwQgBj7BiWtMPfmPEgAXnvj1Ro=
github.com/go-xmlfmt/xmlfmt v1.1.3 h1:t8Ey3Uy7jDSEisW2K3somuMKIpzktkWptA0iFCnRUWY=
github.com/gobwas/glob v0.2.3 h1:A4xDbljILXROh+kObIiy5kIaPYD8e96x1tgBhUI5J+Y=
github.com/godoc-lint/godoc-lint v0.11.2 h1:Bp0FkJWoSdNsBikdNgIcgtaoo+xz6I/Y9s5WSBQUeeM=
github.com/gofrs/flock v0.13.0 h1:95JolYOvGMqeH31+FC7D2+uULf6mG61mEZ/A8dRYMzw=
github.com/golangci/asciicheck v0.5.0 h1:jczN/BorERZwK8oiFBOGvlGPknhvq0bjnysTj4nUfo0=
github.com/golangci/dupl v0.0.0-20250308024227-f665c8d69b32 h1:WUvBfQL6EW/40l6OmeSBYQJNSif4O11+bmWEz+C7FYw=
github.com/golangci/go-printf-func-name v0.1.1 h1:hIYTFJqAGp1iwoIfsNTpoq1xZAarogrvjO9AfiW3B4U=
github.com/golangci/gofmt v0.0.0-20251215231059-d92a36942569 h1:lc0Kp7z9YmmEkSTzg5nZsyeWM818chWBxazddi9j1UA=
github.com/golangci/golangci-lint/v2 v2.10.1 h1:flhw5Px6ojbLyEFzXvJn5B2HEdkkRlkhE1SnmCbQBiE=
github.com/golangci/golines v0.15.0 h1:Qnph25g8Y1c5fdo1X7GaRDGgnMHgnxh4Gk4VfPTtRx0=
github.com/golangci/misspell v0.8.0 h1:qvxQhiE2/5z+BVRo1kwYA8yGz+lOlu5Jfvtx2b04Jbg=
github.com/golangci/plugin-module-register v0.1.2 h1:e5WM6PO6NIAEcij3B053CohVp3HIYbzSuP53UAYgOpg=
github.com/golangci/revgrep v0.8.0 h1:EZBctwbVd0aMeRnNUsFogoyayvKHyxlV3CdUA46FX2s=
github.com/golangci/swaggoswag v0.0.0-20250504205917-77f2aca3143e h1:ai0EfmVYE2bRA5htgAG9r7s3tHsfjIhN98WshBTJ9jM=
github.com/golangci/unconvert v0.0.0-20250410112200-a129a6e6413e h1:gD6P7NEo7Eqtt0ssnqSJNNndxe69DOQ24A5h7+i3KpM=
github.com/google/go-cmp v0.7.0 h1:wk8382ETsv4JYUZwIsn6YpYiWiBsYLSJiTsyBybVuN8=
github.com/google/pprof v0.0.0-20260115054156-294ebfa9ad83 h1:z2ogiKUYzX5Is6zr/vP9vJGqPwcdqsWjOt+V8J7+bTc=
github.com/gordonklaus/ineffassign v0.2.0 h1:Uths4KnmwxNJNzq87fwQQDDnbNb7De00VOk9Nu0TySs=
github.com/gostaticanalysis/analysisutil v0.7.1 h1:ZMCjoue3DtDWQ5WyU16YbjbQEQ3VuzwxALrpYd+HeKk=
github.com/gostaticanalysis/comment v1.5.0 h1:X82FLl+TswsUMpMh17srGRuKaaXprTaytmEpgnKIDu8=
github.com/gostaticanalysis/forcetypeassert v0.2.0 h1:uSnWrrUEYDr86OCxWa4/Tp2jeYDlogZiZHzGkWFefTk=
github.com/gostaticanalysis/nilerr v0.1.2 h1:S6nk8a9N8g062nsx63kUkF6AzbHGw7zzyHMcpu52xQU=
github.com/gostaticanalysis/testutil v0.5.0 h1:Dq4wT1DdTwTGCQQv3rl3IvD5Ld0E6HiY+3Zh0sUGqw8=
github.com/hashicorp/go-immutable-radix/v2 v2.1.0 h1:CUW5RYIcysz+D3B+l1mDeXrQ7fUvGGCwJfdASSzbrfo=
github.com/hashicorp/go-uuid v1.0.3 h1:2gKiV6YVmrJ1i2CKKa9obLvRieoRGviZFL26PcT/Co8=
github.com/hashicorp/go-version v1.8.0 h1:KAkNb1HAiZd1ukkxDFGmokVZe1Xy9HG6NUp+bPle2i4=
github.com/hashicorp/golang-lru/v2 v2.0.7 h1:a+bsQ5rvGLjzHuww6tVxozPZFVghXaHOwFs4luLUK2k=
github.com/hexops/gotextdiff v1.0.3 h1:gitA9+qJrrTCsiCl7+kh75nPqQt1cx4ZkudSTLoUqJM=
github.com/inconshreveable/mousetrap v1.1.0 h1:wN+x4NVGpMsO7ErUn/mUI3vEoE6Jt13X2s0bqwp9tc8=
github.com/jgautheron/goconst v1.8.2 h1:y0XF7X8CikZ93fSNT6WBTb/NElBu9IjaY7CCYQrCMX4=
github.com/jingyugao/rowserrcheck v1.1.1 h1:zibz55j/MJtLsjP1OF4bSdgXxwL1b+Vn7Tjzq7gFzUs=
github.com/jjti/go-spancheck v0.6.5 h1:lmi7pKxa37oKYIMScialXUK6hP3iY5F1gu+mLBPgYB8=
github.com/julz/importas v0.2.0 h1:y+MJN/UdL63QbFJHws9BVC5RpA2iq0kpjrFajTGivjQ=
github.com/karamaru-alpha/copyloopvar v1.2.2 h1:yfNQvP9YaGQR7VaWLYcfZUlRP2eo2vhExWKxD/fP6q0=
github.com/kisielk/errcheck v1.10.0 h1:Lvs/YAHP24YKg08LA8oDw2z9fJVme090RAXd90S+rrw=
github.com/kkHAIKE/contextcheck v1.1.6 h1:7HIyRcnyzxL9Lz06NGhiKvenXq7Zw6Q0UQu/ttjfJCE=
github.com/kr/pretty v0.3.1 h1:flRD4NNwYAUpkphVc1HcthR4KEIFJ65n8Mw5qdRn3LE=
github.com/kr/text v0.2.0 h1:5Nx0Ya0ZqY2ygV366QzturHI13Jq95ApcVaJBhpS+AY=
github.com/kulti/thelper v0.7.1 h1:fI8QITAoFVLx+y+vSyuLBP+rcVIB8jKooNSCT2EiI98=
github.com/kunwardeep/paralleltest v1.0.15 h1:ZMk4Qt306tHIgKISHWFJAO1IDQJLc6uDyJMLyncOb6w=
github.com/lasiar/canonicalheader v1.1.2 h1:vZ5uqwvDbyJCnMhmFYimgMZnJMjwljN5VGY0VKbMXb4=
github.com/ldez/exptostd v0.4.5 h1:kv2ZGUVI6VwRfp/+bcQ6Nbx0ghFWcGIKInkG/oFn1aQ=
github.com/ldez/gomoddirectives v0.8.0 h1:JqIuTtgvFC2RdH1s357vrE23WJF2cpDCPFgA/TWDGpk=
github.com/ldez/grignotin v0.10.1 h1:keYi9rYsgbvqAZGI1liek5c+jv9UUjbvdj3Tbn5fn4o=
github.com/ldez/structtags v0.6.1 h1:bUooFLbXx41tW8SvkfwfFkkjPYvFFs59AAMgVg6DUBk=
github.com/ldez/tagliatelle v0.7.2 h1:KuOlL70/fu9paxuxbeqlicJnCspCRjH0x8FW+NfgYUk=
github.com/ldez/usetesting v0.5.0 h1:3/QtzZObBKLy1F4F8jLuKJiKBjjVFi1IavpoWbmqLwc=
github.com/leonklingele/grouper v1.1.2 h1:o1ARBDLOmmasUaNDesWqWCIFH3u7hoFlM84YrjT3mIY=
github.com/lucasb-eyer/go-colorful v1.3.0 h1:2/yBRLdWBZKrf7gB40FoiKfAWYQ0lqNcbuQwVHXptag=
github.com/macabu/inamedparam v0.2.0 h1:VyPYpOc10nkhI2qeNUdh3Zket4fcZjEWe35poddBCpE=
github.com/manuelarte/embeddedstructfieldcheck v0.4.0 h1:3mAIyaGRtjK6EO9E73JlXLtiy7ha80b2ZVGyacxgfww=
github.com/manuelarte/funcorder v0.5.0 h1:llMuHXXbg7tD0i/LNw8vGnkDTHFpTnWqKPI85Rknc+8=
github.com/maratori/testableexamples v1.0.1 h1:HfOQXs+XgfeRBJ+Wz0XfH+FHnoY9TVqL6Fcevpzy4q8=
github.com/maratori/testpackage v1.1.2 h1:ffDSh+AgqluCLMXhM19f/cpvQAKygKAJXFl9aUjmbqs=
github.com/matoous/godox v1.1.0 h1:W5mqwbyWrwZv6OQ5Z1a/DHGMOvXYCBP3+Ht7KMoJhq4=
github.com/matryer/is v1.4.0 h1:sosSmIWwkYITGrxZ25ULNDeKiMNzFSr4V/eqBQP0PeE=
github.com/mattn/go-colorable v0.1.14 h1:9A9LHSqF/7dyVVX6g0U9cwm9pG3kP9gSzcuIPHPsaIE=
github.com/mattn/go-isatty v0.0.20 h1:xfD0iDuEKnDkl03q4limB+vH+GxLEtL/jb4xVJSWWEY=
github.com/mattn/go-runewidth v0.0.20 h1:WcT52H91ZUAwy8+HUkdM3THM6gXqXuLJi9O3rjcQQaQ=
github.com/mgechev/revive v1.14.0 h1:CC2Ulb3kV7JFYt+izwORoS3VT/+Plb8BvslI/l1yZsc=
github.com/mitchellh/go-homedir v1.1.0 h1:lukF9ziXFxDFPkA1vsr5zpc1XuPDn/wFntq5mG+4E0Y=
github.com/moricho/tparallel v0.3.2 h1:odr8aZVFA3NZrNybggMkYO3rgPRcqjeQUlBBFVxKHTI=
github.com/muesli/termenv v0.16.0 h1:S5AlUN9dENB57rsbnkPyfdGuWIlkmzJjbFf0Tf5FWUc=
github.com/munnerz/goautoneg v0.0.0-20191010083416-a7dc8b61c822 h1:C3w9PqII01/Oq1c1nUAm88MOHcQC9l5mIlSMApZMrHA=
github.com/nakabonne/nestif v0.3.1 h1:wm28nZjhQY5HyYPx+weN3Q65k6ilSBxDb8v5S81B81U=
github.com/nishanths/exhaustive v0.12.0 h1:vIY9sALmw6T/yxiASewa4TQcFsVYZQQRUQJhKRf3Swg=
github.com/nishanths/predeclared v0.2.2 h1:V2EPdZPliZymNAn79T8RkNApBjMmVKh5XRpLm/w98Vk=
github.com/nunnatsa/ginkgolinter v0.23.0 h1:x3o4DGYOWbBMP/VdNQKgSj+25aJKx2Pe6lHr8gBcgf8=
github.com/onsi/ginkgo/v2 v2.28.1 h1:S4hj+HbZp40fNKuLUQOYLDgZLwNUVn19N3Atb98NCyI=
github.com/onsi/gomega v1.39.1 h1:1IJLAad4zjPn2PsnhH70V4DKRFlrCzGBNrNaru+Vf28=
github.com/otiai10/copy v1.14.0 h1:dCI/t1iTdYGtkvCuBG2BgR6KZa83PTclw4U5n2wAllU=
github.com/pelletier/go-toml/v2 v2.2.4 h1:mye9XuhQ6gvn5h28+VilKrrPoQVanw5PMw/TB0t5Ec4=
github.com/pmezard/go-difflib v1.0.1-0.20181226105442-5d4384ee4fb2 h1:Jamvg5psRIccs7FGNTlIRMkT8wgtp5eCXdBlqhYGL6U=
github.com/prometheus/client_golang v1.23.2 h1:Je96obch5RDVy3FDMndoUsjAhG5Edi49h0RJWRi/o0o=
github.com/prometheus/client_model v0.6.2 h1:oBsgwpGs7iVziMvrGhE53c/GrLUsZdHnqNwqPLxwZyk=
github.com/prometheus/common v0.67.5 h1:pIgK94WWlQt1WLwAC5j2ynLaBRDiinoAb86HZHTUGI4=
github.com/prometheus/procfs v0.20.1 h1:XwbrGOIplXW/AU3YhIhLODXMJYyC1isLFfYCsTEycfc=
github.com/quasilyte/go-ruleguard v0.4.5 h1:AGY0tiOT5hJX9BTdx/xBdoCubQUAE2grkqY2lSwvZcA=
github.com/quasilyte/go-ruleguard/dsl v0.3.23 h1:lxjt5B6ZCiBeeNO8/oQsegE6fLeCzuMRoVWSkXC4uvY=
github.com/quasilyte/gogrep v0.5.0 h1:eTKODPXbI8ffJMN+W2aE0+oL0z/nh8/5eNdiO34SOAo=
github.com/quasilyte/regex/syntax v0.0.0-20210819130434-b3f0c404a727 h1:TCg2WBOl980XxGFEZSS6KlBGIV0diGdySzxATTWoqaU=
github.com/quasilyte/stdinfo v0.0.0-20220114132959-f7386bf02567 h1:M8mH9eK4OUR4lu7Gd+PU1fV2/qnDNfzT635KRSObncs=
github.com/raeperd/recvcheck v0.2.0 h1:GnU+NsbiCqdC2XX5+vMZzP+jAJC5fht7rcVTAhX74UI=
github.com/rivo/uniseg v0.4.7 h1:WUdvkW8uEhrYfLC4ZzdpI2ztxP1I582+49Oc5Mq64VQ=
github.com/rogpeppe/go-internal v1.14.1 h1:UQB4HGPB6osV0SQTLymcB4TgvyWu6ZyliaW0tI/otEQ=
github.com/ryancurrah/gomodguard v1.4.1 h1:eWC8eUMNZ/wM/PWuZBv7JxxqT5fiIKSIyTvjb7Elr+g=
github.com/ryanrolds/sqlclosecheck v0.5.1 h1:dibWW826u0P8jNLsLN+En7+RqWWTYrjCB9fJfSfdyCU=
github.com/sagikazarmark/locafero v0.12.0 h1:/NQhBAkUb4+fH1jivKHWusDYFjMOOKU88eegjfxfHb4=
github.com/sanposhiho/wastedassign/v2 v2.1.0 h1:crurBF7fJKIORrV85u9UUpePDYGWnwvv3+A96WvwXT0=
github.com/santhosh-tekuri/jsonschema/v6 v6.0.2 h1:KRzFb2m7YtdldCEkzs6KqmJw4nqEVZGK7IN2kJkjTuQ=
github.com/sashamelentyev/interfacebloat v1.1.0 h1:xdRdJp0irL086OyW1H/RTZTr1h/tMEOsumirXcOJqAw=
github.com/sashamelentyev/usestdlibvars v1.29.0 h1:8J0MoRrw4/NAXtjQqTHrbW9NN+3iMf7Knkq057v4XOQ=
github.com/securego/gosec/v2 v2.24.7 h1:3k5yJnrhT1TTdsG0ZsnenlfCcT+7Y/+zeCPHbL7QAn8=
github.com/sergi/go-diff v1.3.2-0.20230802210424-5b0b94c5c0d3 h1:n661drycOFuPLCN3Uc8sB6B/s6Z4t2xvBgU1htSHuq8=
github.com/sirupsen/logrus v1.9.4 h1:TsZE7l11zFCLZnZ+teH4Umoq5BhEIfIzfRDZ1Uzql2w=
github.com/sivchari/containedctx v1.0.3 h1:x+etemjbsh2fB5ewm5FeLNi5bUjK0V8n0RB+Wwfd0XE=
github.com/sonatard/noctx v0.5.0 h1:e/jdaqAsuWVOKQ0P6NWiIdDNHmHT5SwuuSfojFjzwrw=
github.com/sourcegraph/go-diff v0.7.0 h1:9uLlrd5T46OXs5qpp8L/MTltk0zikUGi0sNNyCpA8G0=
github.com/spf13/afero v1.15.0 h1:b/YBCLWAJdFWJTN9cLhiXXcD7mzKn9Dm86dNnfyQw1I=
github.com/spf13/cast v1.10.0 h1:h2x0u2shc1QuLHfxi+cTJvs30+ZAHOGRic8uyGTDWxY=
github.com/spf13/cobra v1.10.2 h1:DMTTonx5m65Ic0GOoRY2c16WCbHxOOw6xxezuLaBpcU=
github.com/spf13/pflag v1.0.10 h1:4EBh2KAYBwaONj6b2Ye1GiHfwjqyROoF4RwYO+vPwFk=
github.com/spf13/viper v1.21.0 h1:x5S+0EU27Lbphp4UKm1C+1oQO+rKx36vfCoaVebLFSU=
github.com/ssgreg/nlreturn/v2 v2.2.1 h1:X4XDI7jstt3ySqGU86YGAURbxw3oTDPK9sPEi6YEwQ0=
github.com/stbenjam/no-sprintf-host-port v0.3.1 h1:AyX7+dxI4IdLBPtDbsGAyqiTSLpCP9hWRrXQDU4Cm/g=
github.com/stretchr/objx v0.5.3 h1:jmXUvGomnU1o3W/V5h2VEradbpJDwGrzugQQvL0POH4=
github.com/stretchr/testify v1.11.1 h1:7s2iGBzp5EwR7/aIZr8ao5+dra3wiQyKjjFuvgVKu7U=
github.com/subosito/gotenv v1.6.0 h1:9NlTDc1FTs4qu0DDq7AEtTPNw6SVm7uBMsUCUjABIf8=
github.com/tenntenn/modver v1.0.1 h1:2klLppGhDgzJrScMpkj9Ujy3rXPUspSjAcev9tSEBgA=
github.com/tenntenn/text/transform v0.0.0-20200319021203-7eef512accb3 h1:f+jULpRQGxTSkNYKJ51yaw6ChIqO+Je8UqsTKN/cDag=
github.com/tetafro/godot v1.5.4 h1:u1ww+gqpRLiIA16yF2PV1CV1n/X3zhyezbNXC3E14Sg=
github.com/timakin/bodyclose v0.0.0-20260129054331-73d1f95b84b4 h1:SiHe5XLTn9sFWJ5pBwJ5FN/4j34q9ZlOAD//kMoMYp0=
github.com/timonwong/loggercheck v0.11.0 h1:jdaMpYBl+Uq9mWPXv1r8jc5fC3gyXx4/WGwTnnNKn4M=
github.com/tomarrell/wrapcheck/v2 v2.12.0 h1:H/qQ1aNWz/eeIhxKAFvkfIA+N7YDvq6TWVFL27Of9is=
github.com/tommy-muehle/go-mnd/v2 v2.5.1 h1:NowYhSdyE/1zwK9QCLeRb6USWdoif80Ie+v+yU8u1Zw=
github.com/ultraware/funlen v0.2.0 h1:gCHmCn+d2/1SemTdYMiKLAHFYxTYz7z9VIDRaTGyLkI=
github.com/ultraware/whitespace v0.2.0 h1:TYowo2m9Nfj1baEQBjuHzvMRbp19i+RCcRYrSWoFa+g=
github.com/uudashr/gocognit v1.2.1 h1:CSJynt5txTnORn/DkhiB4mZjwPuifyASC8/6Q0I/QS4=
github.com/uudashr/iface v1.4.1 h1:J16Xl1wyNX9ofhpHmQ9h9gk5rnv2A6lX/2+APLTo0zU=
github.com/xen0n/gosmopolitan v1.3.0 h1:zAZI1zefvo7gcpbCOrPSHJZJYA9ZgLfJqtKzZ5pHqQM=
github.com/xhit/go-str2duration/v2 v2.1.0 h1:lxklc02Drh6ynqX+DdPyp5pCKLUQpRT8bp8Ydu2Bstc=
github.com/xo/terminfo v0.0.0-20220910002029-abceb7e1c41e h1:JVG44RsyaB9T2KIHavMF/ppJZNG9ZpyihvCd0w101no=
github.com/yagipy/maintidx v1.0.0 h1:h5NvIsCz+nRDapQ0exNv4aJ0yXSI0420omVANTv3GJM=
github.com/yeya24/promlinter v0.3.0 h1:JVDbMp08lVCP7Y6NP3qHroGAO6z2yGKQtS5JsjqtoFs=
github.com/ykadowak/zerologlint v0.1.5 h1:Gy/fMz1dFQN9JZTPjv1hxEk+sRWm05row04Yoolgdiw=
gitlab.com/bosi/decorder v0.4.2 h1:qbQaV3zgwnBZ4zPMhGLW4KZe7A7NwxEhJx39R3shffo=
go-simpler.org/assert v0.9.0 h1:PfpmcSvL7yAnWyChSjOz6Sp6m9j5lyK8Ok9pEL31YkQ=
go-simpler.org/musttag v0.14.0 h1:XGySZATqQYSEV3/YTy+iX+aofbZZllJaqwFWs+RTtSo=
go-simpler.org/sloglint v0.11.1 h1:xRbPepLT/MHPTCA6TS/wNfZrDzkGvCCqUv4Bdwc3H7s=
go.augendre.info/arangolint v0.4.0 h1:xSCZjRoS93nXazBSg5d0OGCi9APPLNMmmLrC995tR50=
go.augendre.info/fatcontext v0.9.0 h1:Gt5jGD4Zcj8CDMVzjOJITlSb9cEch54hjRRlN3qDojE=
go.uber.org/goleak v1.3.0 h1:2K3zAYmnTNqV73imy9J1T3WC+gmCePx2hEGkimedGto=
go.uber.org/mock v0.6.0 h1:hyF9dfmbgIX5EfOdasqLsWD6xqpNZlXblLB/Dbnwv3Y=
go.uber.org/multierr v1.11.0 h1:blXXJkSxSSfBVBlC76pxqeO+LN3aDfLQo+309xJstO0=
go.uber.org/zap v1.27.1 h1:08RqriUEv8+ArZRYSTXy1LeBScaMpVSTBhCeaZYfMYc=
go.yaml.in/yaml/v2 v2.4.3 h1:6gvOSjQoTB3vt1l+CU+tSyi/HOjfOjRLJ4YwYZGwRO0=
go.yaml.in/yaml/v3 v3.0.4 h1:tfq32ie2Jv2UxXFdLJdh3jXuOzWiL1fo0bu/FbuKpbc=
golang.org/x/exp v0.0.0-20260218203240-3dfff04db8fa h1:Zt3DZoOFFYkKhDT3v7Lm9FDMEV06GpzjG2jrqW+QTE0=
golang.org/x/exp/typeparams v0.0.0-20260218203240-3dfff04db8fa h1:6Wi43P0isP8Nl8D4qJmA3VC4FswVH0RJkr5cauo67SQ=
golang.org/x/mod v0.33.0 h1:tHFzIWbBifEmbwtGz65eaWyGiGZatSrT9prnU8DbVL8=
golang.org/x/net v0.51.0 h1:94R/GTO7mt3/4wIKpcR5gkGmRLOuE/2hNGeWq/GBIFo=
golang.org/x/sync v0.19.0 h1:vV+1eWNmZ5geRlYjzm2adRgW2/mcpevXNg50YZtPCE4=
golang.org/x/sys v0.41.0 h1:Ivj+2Cp/ylzLiEU89QhWblYnOE9zerudt9Ftecq2C6k=
golang.org/x/term v0.40.0 h1:36e4zGLqU4yhjlmxEaagx2KuYbJq3EwY8K943ZsHcvg=
golang.org/x/text v0.34.0 h1:oL/Qq0Kdaqxa1KbNeMKwQq0reLCCaFtqu2eNuSeNHbk=
golang.org/x/tools v0.42.0 h1:uNgphsn75Tdz5Ji2q36v/nsFSfR/9BRFvqhGBaJGd5k=
golang.org/x/tools/go/expect v0.1.1-deprecated h1:jpBZDwmgPhXsKZC6WhL20P4b/wmnpsEAGHaNy0n/rJM=
golang.org/x/tools/go/packages/packagestest v0.1.1-deprecated h1:1h2MnaIAIXISqTFKdENegdpAgUXz6NrPEsbIeWaBRvM=
google.golang.org/protobuf v1.36.11 h1:fV6ZwhNocDyBLK0dj+fg8ektcVegBBuEolpbTQyBNVE=
gopkg.in/check.v1 v1.0.0-20201130134442-10cb98267c6c h1:Hei/4ADfdWqJk1ZMxUNpqntNwaWcugrBjAiHlqqRiVk=
gopkg.in/yaml.v3 v3.0.1 h1:fxVm/GzAzEWqLHuvctI91KS9hhNmmWOoWu0XTYJS7CA=
honnef.co/go/tools v0.7.0 h1:w6WUp1VbkqPEgLz4rkBzH/CSU6HkoqNLp6GstyTx3lU=
mvdan.cc/gofumpt v0.9.2 h1:zsEMWL8SVKGHNztrx6uZrXdp7AX8r421Vvp23sz7ik4=
mvdan.cc/unparam v0.0.0-20251027182757-5beb8c8f8f15 h1:ssMzja7PDPJV8FStj7hq9IKiuiKhgz9ErWw+m68e7DI=
